<?xml version="1.0" encoding="utf-8"?>
<Project ToolsVersion="4.0" xmlns="http://schemas.microsoft.com/developer/msbuild/2003">
  <ItemGroup>
    <Filter Include="소스 파일">
      <UniqueIdentifier>{4FC737F1-C7A5-4376-A066-2A32D752A2FF}</UniqueIdentifier>
      <Extensions>cpp;c;cc;cxx;c++;def;odl;idl;hpj;bat;asm;asmx</Extensions>
    </Filter>
    <Filter Include="헤더 파일">
      <UniqueIdentifier>{93995380-89BD-4b04-88EB-625FBE52EBFB}</UniqueIdentifier>
      <Extensions>h;hh;hpp;hxx;h++;hm;inl;inc;ipp;xsd</Extensions>
    </Filter>
    <Filter Include="리소스 파일">
      <UniqueIdentifier>{67DA6AB6-F800-4c08-8B7A-83BB121AAD01}</UniqueIdentifier>
      <Extensions>rc;ico;cur;bmp;dlg;rc2;rct;bin;rgs;gif;jpg;jpeg;jpe;resx;tiff;tif;png;wav;mfcribbon-ms</Extensions>
    </Filter>
  </ItemGroup>
  <ItemGroup>
    <ClCompile Include="1.DFS-BFS\1260_dfs_bfs.cpp">
      <Filter>소스 파일</Filter>
    </ClCompile>
    <ClCompile Include="1.DFS-BFS\2178_maze_navigation.cpp">
      <Filter>소스 파일</Filter>
    </ClCompile>
    <ClCompile Include="0.Implementation\2741_N.cpp">
      <Filter>소스 파일</Filter>
    </ClCompile>
    <ClCompile Include="2.Back-Tracking\9663_N_Queen.cpp">
      <Filter>소스 파일</Filter>
    </ClCompile>
    <ClCompile Include="2.Back-Tracking\2580_sudoqku.cpp">
      <Filter>소스 파일</Filter>
    </ClCompile>
    <ClCompile Include="2.Back-Tracking\15649_NandM.cpp">
      <Filter>소스 파일</Filter>
    </ClCompile>
    <ClCompile Include="1.DFS-BFS\programmers_target_number.cpp">
      <Filter>소스 파일</Filter>
    </ClCompile>
    <ClCompile Include="1.DFS-BFS\programmers_travel_load.cpp">
      <Filter>소스 파일</Filter>
    </ClCompile>
    <ClCompile Include="0.Implementation\9455_box.cpp">
      <Filter>소스 파일</Filter>
    </ClCompile>
    <ClCompile Include="4.Greedy\11479_skip_logs.cpp">
      <Filter>소스 파일</Filter>
    </ClCompile>
    <ClCompile Include="4.Greedy\11501_stock.cpp">
      <Filter>소스 파일</Filter>
    </ClCompile>
    <ClCompile Include="5.Graph\6186_best_grass.cpp">
      <Filter>소스 파일</Filter>
    </ClCompile>
    <ClCompile Include="5.Graph\14953_game_map.cpp">
      <Filter>소스 파일</Filter>
    </ClCompile>
    <ClCompile Include="6. Divide-and-Conquer\quicksort.cpp">
      <Filter>소스 파일</Filter>
    </ClCompile>
    <ClCompile Include="6. Divide-and-Conquer\1992_quard_tree.cpp">
      <Filter>소스 파일</Filter>
    </ClCompile>
    <ClCompile Include="6. Divide-and-Conquer\2805_cut_tree.cpp">
      <Filter>소스 파일</Filter>
    </ClCompile>
    <ClCompile Include="7. Stack-and-Queue\programmers_function-development.cpp">
      <Filter>소스 파일</Filter>
    </ClCompile>
    <ClCompile Include="7. Stack-and-Queue\programmers_skill-tree.cpp">
      <Filter>소스 파일</Filter>
    </ClCompile>
    <ClCompile Include="7. Stack-and-Queue\programmers_fine-square.cpp">
      <Filter>소스 파일</Filter>
    </ClCompile>
    <ClCompile Include="0.Implementation\programmers_fine-square.cpp">
      <Filter>소스 파일</Filter>
    </ClCompile>
    <ClCompile Include="6. Divide-and-Conquer\1072_game.cpp">
      <Filter>소스 파일</Filter>
    </ClCompile>
    <ClCompile Include="6. Divide-and-Conquer\3079_imigration.cpp">
      <Filter>소스 파일</Filter>
    </ClCompile>
    <ClCompile Include="2019-Kakao-Coding-Test\candidate_key.cpp">
      <Filter>소스 파일</Filter>
    </ClCompile>
    <ClCompile Include="2019-Kakao-Coding-Test\open_chat.cpp">
      <Filter>소스 파일</Filter>
    </ClCompile>
    <ClCompile Include="03.Programmers\2019-Kakao-Coding-Test\open_chat.cpp">
      <Filter>소스 파일</Filter>
    </ClCompile>
    <ClCompile Include="03.Programmers\2019-Kakao-Coding-Test\candidate_key.cpp">
      <Filter>소스 파일</Filter>
    </ClCompile>
    <ClCompile Include="03.Programmers\8.DFS-BFS\programmers_travel_load.cpp">
      <Filter>소스 파일</Filter>
    </ClCompile>
    <ClCompile Include="03.Programmers\8.DFS-BFS\programmers_target_number.cpp">
      <Filter>소스 파일</Filter>
    </ClCompile>
    <ClCompile Include="03.Programmers\2.Stack-and-Queue\programmers_function-development.cpp">
      <Filter>소스 파일</Filter>
    </ClCompile>
    <ClCompile Include="03.Programmers\0.Implementation\programmers_fine-square.cpp">
      <Filter>소스 파일</Filter>
    </ClCompile>
    <ClCompile Include="02.Baekjoon\7.Back-Tracking\15649_NandM.cpp">
      <Filter>소스 파일</Filter>
    </ClCompile>
    <ClCompile Include="02.Baekjoon\7.Back-Tracking\9663_N_Queen.cpp">
      <Filter>소스 파일</Filter>
    </ClCompile>
    <ClCompile Include="02.Baekjoon\7.Back-Tracking\2580_sudoqku.cpp">
      <Filter>소스 파일</Filter>
    </ClCompile>
    <ClCompile Include="02.Baekjoon\6.DFS-BFS\2178_maze_navigation.cpp">
      <Filter>소스 파일</Filter>
    </ClCompile>
    <ClCompile Include="02.Baekjoon\6.DFS-BFS\1260_dfs_bfs.cpp">
      <Filter>소스 파일</Filter>
    </ClCompile>
    <ClCompile Include="02.Baekjoon\5.Graph\14953_game_map.cpp">
      <Filter>소스 파일</Filter>
    </ClCompile>
    <ClCompile Include="02.Baekjoon\5.Graph\6186_best_grass.cpp">
      <Filter>소스 파일</Filter>
    </ClCompile>
    <ClCompile Include="02.Baekjoon\3.Greedy\11501_stock.cpp">
      <Filter>소스 파일</Filter>
    </ClCompile>
    <ClCompile Include="02.Baekjoon\3.Greedy\11479_skip_logs.cpp">
      <Filter>소스 파일</Filter>
    </ClCompile>
    <ClCompile Include="02.Baekjoon\1.Divide-and-Conquer\quicksort.cpp">
      <Filter>소스 파일</Filter>
    </ClCompile>
    <ClCompile Include="02.Baekjoon\1.Divide-and-Conquer\3079_imigration.cpp">
      <Filter>소스 파일</Filter>
    </ClCompile>
    <ClCompile Include="02.Baekjoon\1.Divide-and-Conquer\1992_quard_tree.cpp">
      <Filter>소스 파일</Filter>
    </ClCompile>
    <ClCompile Include="02.Baekjoon\1.Divide-and-Conquer\2805_cut_tree.cpp">
      <Filter>소스 파일</Filter>
    </ClCompile>
    <ClCompile Include="02.Baekjoon\1.Divide-and-Conquer\1072_game.cpp">
      <Filter>소스 파일</Filter>
    </ClCompile>
    <ClCompile Include="02.Baekjoon\0.Implementation\9455_box.cpp">
      <Filter>소스 파일</Filter>
    </ClCompile>
    <ClCompile Include="02.Baekjoon\0.Implementation\2741_N.cpp">
      <Filter>소스 파일</Filter>
    </ClCompile>
    <ClCompile Include="03.Programmers\2018-Kakao-Coding-Test\dart_game.cpp">
      <Filter>소스 파일</Filter>
    </ClCompile>
    <ClCompile Include="01.Algorithm-Problem-Solving-Strategy\01-01-Time_complexity_analysis\01-01-01-Introduction\01-01-01-example02.cpp">
      <Filter>소스 파일</Filter>
    </ClCompile>
    <ClCompile Include="01.Algorithm-Problem-Solving-Strategy\01-01-Time_complexity_analysis\01-01-01-Introduction\01-01-01_example01.cpp">
      <Filter>소스 파일</Filter>
    </ClCompile>
  </ItemGroup>
  <ItemGroup>
    <None Include="01.Algorithm-Problem-Solving-Strategy\01-01-Time_complexity_analysis\01-01-Time_complexity_analysis.md" />
  </ItemGroup>
</Project>